// !$*UTF8*$!
{
	archiveVersion = 1;
	classes = {
	};
	objectVersion = 46;
	objects = {

/* Begin PBXBuildFile section */
		00C302E51ABCBA2D00DB3ED1 /* libRCTActionSheet.a in Frameworks */ = {isa = PBXBuildFile; fileRef = 00C302AC1ABCB8CE00DB3ED1 /* libRCTActionSheet.a */; };
		00C302E71ABCBA2D00DB3ED1 /* libRCTGeolocation.a in Frameworks */ = {isa = PBXBuildFile; fileRef = 00C302BA1ABCB90400DB3ED1 /* libRCTGeolocation.a */; };
		00C302E81ABCBA2D00DB3ED1 /* libRCTImage.a in Frameworks */ = {isa = PBXBuildFile; fileRef = 00C302C01ABCB91800DB3ED1 /* libRCTImage.a */; };
		00C302E91ABCBA2D00DB3ED1 /* libRCTNetwork.a in Frameworks */ = {isa = PBXBuildFile; fileRef = 00C302DC1ABCB9D200DB3ED1 /* libRCTNetwork.a */; };
		00C302EA1ABCBA2D00DB3ED1 /* libRCTVibration.a in Frameworks */ = {isa = PBXBuildFile; fileRef = 00C302E41ABCB9EE00DB3ED1 /* libRCTVibration.a */; };
		02EE4F04ABC640099F94713F /* Ionicons.ttf in Resources */ = {isa = PBXBuildFile; fileRef = 75191B134A4E43B6B92E9334 /* Ionicons.ttf */; };
		133E29F31AD74F7200F7D852 /* libRCTLinking.a in Frameworks */ = {isa = PBXBuildFile; fileRef = 78C398B91ACF4ADC00677621 /* libRCTLinking.a */; };
		139105C61AF99C1200B5F7CC /* libRCTSettings.a in Frameworks */ = {isa = PBXBuildFile; fileRef = 139105C11AF99BAD00B5F7CC /* libRCTSettings.a */; };
		139FDEF61B0652A700C62182 /* libRCTWebSocket.a in Frameworks */ = {isa = PBXBuildFile; fileRef = 139FDEF41B06529B00C62182 /* libRCTWebSocket.a */; };
		13B07FBC1A68108700A75B9A /* AppDelegate.m in Sources */ = {isa = PBXBuildFile; fileRef = 13B07FB01A68108700A75B9A /* AppDelegate.m */; };
		13B07FBD1A68108700A75B9A /* LaunchScreen.xib in Resources */ = {isa = PBXBuildFile; fileRef = 13B07FB11A68108700A75B9A /* LaunchScreen.xib */; };
		13B07FBF1A68108700A75B9A /* Images.xcassets in Resources */ = {isa = PBXBuildFile; fileRef = 13B07FB51A68108700A75B9A /* Images.xcassets */; };
		13B07FC11A68108700A75B9A /* main.m in Sources */ = {isa = PBXBuildFile; fileRef = 13B07FB71A68108700A75B9A /* main.m */; };
		146834051AC3E58100842450 /* libReact.a in Frameworks */ = {isa = PBXBuildFile; fileRef = 146834041AC3E56700842450 /* libReact.a */; };
		325F7F424AB241D8AF1FBB58 /* EvilIcons.ttf in Resources */ = {isa = PBXBuildFile; fileRef = EBAA3ACDDD624D59AF7D644A /* EvilIcons.ttf */; };
		441BFD6B1DDDB3E400D27B6C /* MyCustomView.m in Sources */ = {isa = PBXBuildFile; fileRef = 441BFD6A1DDDB3E400D27B6C /* MyCustomView.m */; };
		443989291CD9A74700EA9718 /* libRNDeviceInfo.a in Frameworks */ = {isa = PBXBuildFile; fileRef = 443989281CD9A71B00EA9718 /* libRNDeviceInfo.a */; };
		446344C61CEABE5C00747D3A /* MyCustomViewManager.m in Sources */ = {isa = PBXBuildFile; fileRef = 446344C51CEABE5C00747D3A /* MyCustomViewManager.m */; };
		446345011CEB12BA00747D3A /* libRNBluetoothState.a in Frameworks */ = {isa = PBXBuildFile; fileRef = 446344FB1CEB129400747D3A /* libRNBluetoothState.a */; };
		4471CA691CDC612E00609BD4 /* libRNFileDownload.a in Frameworks */ = {isa = PBXBuildFile; fileRef = 4471CA651CDC5E3900609BD4 /* libRNFileDownload.a */; };
		4471CA701CDC616E00609BD4 /* libRNFS.a in Frameworks */ = {isa = PBXBuildFile; fileRef = 4471CA6F1CDC616400609BD4 /* libRNFS.a */; };
		447248A31CF473220096F215 /* libRCTPushNotification.a in Frameworks */ = {isa = PBXBuildFile; fileRef = 447248931CF471E60096F215 /* libRCTPushNotification.a */; };
		447BA1091CEC7C2D00C9C3BD /* libRNOverlay.a in Frameworks */ = {isa = PBXBuildFile; fileRef = 447BA1061CEC7BE300C9C3BD /* libRNOverlay.a */; };
		449D12DD1CE43CE50074B267 /* libRNSound.a in Frameworks */ = {isa = PBXBuildFile; fileRef = 449D12DC1CE43BAA0074B267 /* libRNSound.a */; };
		449E3A2C1DBF2C45003D2EF8 /* libRNZipArchive.a in Frameworks */ = {isa = PBXBuildFile; fileRef = 449E3A2B1DBF2C0A003D2EF8 /* libRNZipArchive.a */; };
		44C9E94E1CFFFF7200FD4E0C /* FBSDKCoreKit.framework in Frameworks */ = {isa = PBXBuildFile; fileRef = 44C9E94D1CFFFF7200FD4E0C /* FBSDKCoreKit.framework */; };
		44C9E9501CFFFF7900FD4E0C /* FBSDKLoginKit.framework in Frameworks */ = {isa = PBXBuildFile; fileRef = 44C9E94F1CFFFF7900FD4E0C /* FBSDKLoginKit.framework */; };
		44C9E9521CFFFF7D00FD4E0C /* FBSDKShareKit.framework in Frameworks */ = {isa = PBXBuildFile; fileRef = 44C9E9511CFFFF7D00FD4E0C /* FBSDKShareKit.framework */; };
		44C9E9651D0003C500FD4E0C /* libRCTFBSDKCore.a in Frameworks */ = {isa = PBXBuildFile; fileRef = 44C9E9211CFFE1CA00FD4E0C /* libRCTFBSDKCore.a */; };
		44C9E9661D0003C500FD4E0C /* libRCTFBSDKLogin.a in Frameworks */ = {isa = PBXBuildFile; fileRef = 44C9E9271CFFE1D000FD4E0C /* libRCTFBSDKLogin.a */; };
		44C9E9671D0003C500FD4E0C /* libRCTFBSDKShare.a in Frameworks */ = {isa = PBXBuildFile; fileRef = 44C9E91B1CFFE1C100FD4E0C /* libRCTFBSDKShare.a */; };
		44C9E9681D0003C500FD4E0C /* libRCTWeChat.a in Frameworks */ = {isa = PBXBuildFile; fileRef = 44C9E90B1CFFE19800FD4E0C /* libRCTWeChat.a */; };
		44C9E96A1D0003E000FD4E0C /* libsqlite3.tbd in Frameworks */ = {isa = PBXBuildFile; fileRef = 44C9E9691D0003E000FD4E0C /* libsqlite3.tbd */; };
		44C9E96C1D00040A00FD4E0C /* CoreTelephony.framework in Frameworks */ = {isa = PBXBuildFile; fileRef = 44C9E96B1D00040A00FD4E0C /* CoreTelephony.framework */; };
		44C9E9801D0004B300FD4E0C /* SystemConfiguration.framework in Frameworks */ = {isa = PBXBuildFile; fileRef = 44C9E97F1D0004B300FD4E0C /* SystemConfiguration.framework */; };
		44C9E9831D00267600FD4E0C /* AppLogin.m in Sources */ = {isa = PBXBuildFile; fileRef = 44C9E9821D00267600FD4E0C /* AppLogin.m */; };
		44E634CA1CF3174E00CCD27C /* libRCTSplashScreen.a in Frameworks */ = {isa = PBXBuildFile; fileRef = 44E634C91CF3171700CCD27C /* libRCTSplashScreen.a */; };
		51055C8FE18348E0B13F4410 /* libz.tbd in Frameworks */ = {isa = PBXBuildFile; fileRef = 50D6B50636354B57A6EE4D30 /* libz.tbd */; };
		56AA07A7A5464523B347C469 /* FontAwesome.ttf in Resources */ = {isa = PBXBuildFile; fileRef = E0A2477A54CC4A07BA81BA9A /* FontAwesome.ttf */; };
		5DEEC0A0360441ADB0BF0793 /* Foundation.ttf in Resources */ = {isa = PBXBuildFile; fileRef = D39793248DB1454B8209C8AD /* Foundation.ttf */; };
		6135E79B222B453CB5A13A2C /* Zocial.ttf in Resources */ = {isa = PBXBuildFile; fileRef = 768D257898E242FD9D949652 /* Zocial.ttf */; };
		6A437393B539405DAC1F8024 /* libRealmReact.a in Frameworks */ = {isa = PBXBuildFile; fileRef = 97C8CB9AB23940C6BFEB2333 /* libRealmReact.a */; };
		6BAA5B771D2126B3003E5BEF /* Default-568.png in Resources */ = {isa = PBXBuildFile; fileRef = 6BAA5B761D2126B3003E5BEF /* Default-568.png */; };
		6BAB4CEE1D1BE4F200A9E45E /* myBundle.bundle in Resources */ = {isa = PBXBuildFile; fileRef = 6BAB4CED1D1BE4F200A9E45E /* myBundle.bundle */; };
		832341BD1AAA6AB300B99B32 /* libRCTText.a in Frameworks */ = {isa = PBXBuildFile; fileRef = 832341B51AAA6A8300B99B32 /* libRCTText.a */; };
		84D5EF2F2F9C4F93873C571C /* Octicons.ttf in Resources */ = {isa = PBXBuildFile; fileRef = AAA3102E30DF443298421B55 /* Octicons.ttf */; };
		A85FCDCF024B4FDAAF1CEC53 /* libc++.tbd in Frameworks */ = {isa = PBXBuildFile; fileRef = 6FBE4E48677242648E31CC6C /* libc++.tbd */; };
		D4DAAB8A60304D41A3D55603 /* MaterialIcons.ttf in Resources */ = {isa = PBXBuildFile; fileRef = 9257B9B0686D40A893C05FD7 /* MaterialIcons.ttf */; };
		E0A94A578865480EA6A2368A /* Entypo.ttf in Resources */ = {isa = PBXBuildFile; fileRef = C585108440B04B04AFC1CC41 /* Entypo.ttf */; };
		E8CB32A748A1499B91D3742C /* libRNBeacon.a in Frameworks */ = {isa = PBXBuildFile; fileRef = F610ACC53A414729A10E8E62 /* libRNBeacon.a */; };
		FC997B1E2C6340B892CBABAB /* libRNVectorIcons.a in Frameworks */ = {isa = PBXBuildFile; fileRef = 92BA1A782EA748D3A2A4D53D /* libRNVectorIcons.a */; };
/* End PBXBuildFile section */

/* Begin PBXContainerItemProxy section */
		00C302AB1ABCB8CE00DB3ED1 /* PBXContainerItemProxy */ = {
			isa = PBXContainerItemProxy;
			containerPortal = 00C302A71ABCB8CE00DB3ED1 /* RCTActionSheet.xcodeproj */;
			proxyType = 2;
			remoteGlobalIDString = 134814201AA4EA6300B7C361;
			remoteInfo = RCTActionSheet;
		};
		00C302B91ABCB90400DB3ED1 /* PBXContainerItemProxy */ = {
			isa = PBXContainerItemProxy;
			containerPortal = 00C302B51ABCB90400DB3ED1 /* RCTGeolocation.xcodeproj */;
			proxyType = 2;
			remoteGlobalIDString = 134814201AA4EA6300B7C361;
			remoteInfo = RCTGeolocation;
		};
		00C302BF1ABCB91800DB3ED1 /* PBXContainerItemProxy */ = {
			isa = PBXContainerItemProxy;
			containerPortal = 00C302BB1ABCB91800DB3ED1 /* RCTImage.xcodeproj */;
			proxyType = 2;
			remoteGlobalIDString = 58B5115D1A9E6B3D00147676;
			remoteInfo = RCTImage;
		};
		00C302DB1ABCB9D200DB3ED1 /* PBXContainerItemProxy */ = {
			isa = PBXContainerItemProxy;
			containerPortal = 00C302D31ABCB9D200DB3ED1 /* RCTNetwork.xcodeproj */;
			proxyType = 2;
			remoteGlobalIDString = 58B511DB1A9E6C8500147676;
			remoteInfo = RCTNetwork;
		};
		00C302E31ABCB9EE00DB3ED1 /* PBXContainerItemProxy */ = {
			isa = PBXContainerItemProxy;
			containerPortal = 00C302DF1ABCB9EE00DB3ED1 /* RCTVibration.xcodeproj */;
			proxyType = 2;
			remoteGlobalIDString = 832C81801AAF6DEF007FA2F7;
			remoteInfo = RCTVibration;
		};
		00E356F41AD99517003FC87E /* PBXContainerItemProxy */ = {
			isa = PBXContainerItemProxy;
			containerPortal = 83CBB9F71A601CBA00E9B192 /* Project object */;
			proxyType = 1;
			remoteGlobalIDString = 13B07F861A680F5B00A75B9A;
			remoteInfo = ArtsBuzzReact;
		};
		139105C01AF99BAD00B5F7CC /* PBXContainerItemProxy */ = {
			isa = PBXContainerItemProxy;
			containerPortal = 139105B61AF99BAD00B5F7CC /* RCTSettings.xcodeproj */;
			proxyType = 2;
			remoteGlobalIDString = 134814201AA4EA6300B7C361;
			remoteInfo = RCTSettings;
		};
		139FDEF31B06529B00C62182 /* PBXContainerItemProxy */ = {
			isa = PBXContainerItemProxy;
			containerPortal = 139FDEE61B06529A00C62182 /* RCTWebSocket.xcodeproj */;
			proxyType = 2;
			remoteGlobalIDString = 3C86DF461ADF2C930047B81A;
			remoteInfo = RCTWebSocket;
		};
		146834031AC3E56700842450 /* PBXContainerItemProxy */ = {
			isa = PBXContainerItemProxy;
			containerPortal = 146833FF1AC3E56700842450 /* React.xcodeproj */;
			proxyType = 2;
			remoteGlobalIDString = 83CBBA2E1A601D0E00E9B192;
			remoteInfo = React;
		};
		4424F8341CE451580030435C /* PBXContainerItemProxy */ = {
			isa = PBXContainerItemProxy;
			containerPortal = CE3AFB11EF5646689FB814FB /* RNBeacon.xcodeproj */;
			proxyType = 2;
			remoteGlobalIDString = 134814201AA4EA6300B7C361;
			remoteInfo = RNBeacon;
		};
		4424F83D1CE451590030435C /* PBXContainerItemProxy */ = {
			isa = PBXContainerItemProxy;
			containerPortal = A2003691CEA64E27A93859C1 /* RNVectorIcons.xcodeproj */;
			proxyType = 2;
			remoteGlobalIDString = 5DBEB1501B18CEA900B34395;
			remoteInfo = RNVectorIcons;
		};
		443989271CD9A71B00EA9718 /* PBXContainerItemProxy */ = {
			isa = PBXContainerItemProxy;
			containerPortal = 443989181CD9A71B00EA9718 /* RNDeviceInfo.xcodeproj */;
			proxyType = 2;
			remoteGlobalIDString = DA5891D81BA9A9FC002B4DB2;
			remoteInfo = RNDeviceInfo;
		};
		446344FA1CEB129400747D3A /* PBXContainerItemProxy */ = {
			isa = PBXContainerItemProxy;
			containerPortal = 446344EA1CEB129400747D3A /* RNBluetoothState.xcodeproj */;
			proxyType = 2;
			remoteGlobalIDString = 134814201AA4EA6300B7C361;
			remoteInfo = RNBluetoothState;
		};
		4471CA641CDC5E3900609BD4 /* PBXContainerItemProxy */ = {
			isa = PBXContainerItemProxy;
			containerPortal = 4471CA541CDC5E3900609BD4 /* RNFileDownload.xcodeproj */;
			proxyType = 2;
			remoteGlobalIDString = D045FC4C1B94140B00C00AF7;
			remoteInfo = RNFileDownload;
		};
		4471CA6E1CDC616400609BD4 /* PBXContainerItemProxy */ = {
			isa = PBXContainerItemProxy;
			containerPortal = 4471CA6A1CDC616400609BD4 /* RNFS.xcodeproj */;
			proxyType = 2;
			remoteGlobalIDString = F12AFB9B1ADAF8F800E0535D;
			remoteInfo = RNFS;
		};
		447248921CF471E60096F215 /* PBXContainerItemProxy */ = {
			isa = PBXContainerItemProxy;
			containerPortal = 447248891CF471E60096F215 /* RCTPushNotification.xcodeproj */;
			proxyType = 2;
			remoteGlobalIDString = 134814201AA4EA6300B7C361;
			remoteInfo = RCTPushNotification;
		};
		447BA1051CEC7BE300C9C3BD /* PBXContainerItemProxy */ = {
			isa = PBXContainerItemProxy;
			containerPortal = 447BA0F11CEC7BE300C9C3BD /* RNOverlay.xcodeproj */;
			proxyType = 2;
			remoteGlobalIDString = 134814201AA4EA6300B7C361;
			remoteInfo = RNOverlay;
		};
		449D12DB1CE43BAA0074B267 /* PBXContainerItemProxy */ = {
			isa = PBXContainerItemProxy;
			containerPortal = 449D12C91CE43BAA0074B267 /* RNSound.xcodeproj */;
			proxyType = 2;
			remoteGlobalIDString = 19825A1E1BD4A89800EE0337;
			remoteInfo = RNSound;
		};
		449E3A2A1DBF2C0A003D2EF8 /* PBXContainerItemProxy */ = {
			isa = PBXContainerItemProxy;
			containerPortal = 449E3A0D1DBF2C0A003D2EF8 /* RNZipArchive.xcodeproj */;
			proxyType = 2;
			remoteGlobalIDString = D058BD741B8DA4AB004D9F18;
			remoteInfo = RNZipArchive;
		};
		44AEFD711CD07DCC00B5592B /* PBXContainerItemProxy */ = {
			isa = PBXContainerItemProxy;
			containerPortal = 7AE59753B067479DBCC967EA /* RealmReact.xcodeproj */;
			proxyType = 2;
			remoteGlobalIDString = F60690131CA2766F0003FB26;
			remoteInfo = RealmReact;
		};
		44C9E90A1CFFE19800FD4E0C /* PBXContainerItemProxy */ = {
			isa = PBXContainerItemProxy;
			containerPortal = 44C9E8FB1CFFE19800FD4E0C /* RCTWeChat.xcodeproj */;
			proxyType = 2;
			remoteGlobalIDString = 86D238421BD0BB9E00C75D01;
			remoteInfo = RCTWeChat;
		};
		44C9E91A1CFFE1C100FD4E0C /* PBXContainerItemProxy */ = {
			isa = PBXContainerItemProxy;
			containerPortal = 44C9E9161CFFE1C000FD4E0C /* RCTFBSDKShare.xcodeproj */;
			proxyType = 2;
			remoteGlobalIDString = 134814201AA4EA6300B7C361;
			remoteInfo = RCTFBSDKShare;
		};
		44C9E9201CFFE1CA00FD4E0C /* PBXContainerItemProxy */ = {
			isa = PBXContainerItemProxy;
			containerPortal = 44C9E91C1CFFE1CA00FD4E0C /* RCTFBSDKCore.xcodeproj */;
			proxyType = 2;
			remoteGlobalIDString = 134814201AA4EA6300B7C361;
			remoteInfo = RCTFBSDKCore;
		};
		44C9E9261CFFE1D000FD4E0C /* PBXContainerItemProxy */ = {
			isa = PBXContainerItemProxy;
			containerPortal = 44C9E9221CFFE1D000FD4E0C /* RCTFBSDKLogin.xcodeproj */;
			proxyType = 2;
			remoteGlobalIDString = 134814201AA4EA6300B7C361;
			remoteInfo = RCTFBSDKLogin;
		};
		44E634C81CF3171700CCD27C /* PBXContainerItemProxy */ = {
			isa = PBXContainerItemProxy;
			containerPortal = 44E634C41CF3171700CCD27C /* RCTSplashScreen.xcodeproj */;
			proxyType = 2;
			remoteGlobalIDString = 3245CDED1BFEE35C00EABF68;
			remoteInfo = RCTSplashScreen;
		};
		78C398B81ACF4ADC00677621 /* PBXContainerItemProxy */ = {
			isa = PBXContainerItemProxy;
			containerPortal = 78C398B01ACF4ADC00677621 /* RCTLinking.xcodeproj */;
			proxyType = 2;
			remoteGlobalIDString = 134814201AA4EA6300B7C361;
			remoteInfo = RCTLinking;
		};
		832341B41AAA6A8300B99B32 /* PBXContainerItemProxy */ = {
			isa = PBXContainerItemProxy;
			containerPortal = 832341B01AAA6A8300B99B32 /* RCTText.xcodeproj */;
			proxyType = 2;
			remoteGlobalIDString = 58B5119B1A9E6C1200147676;
			remoteInfo = RCTText;
		};
/* End PBXContainerItemProxy section */

/* Begin PBXFileReference section */
		008F07F21AC5B25A0029DE68 /* main.jsbundle */ = {isa = PBXFileReference; fileEncoding = 4; lastKnownFileType = text; path = main.jsbundle; sourceTree = "<group>"; };
		00C302A71ABCB8CE00DB3ED1 /* RCTActionSheet.xcodeproj */ = {isa = PBXFileReference; lastKnownFileType = "wrapper.pb-project"; name = RCTActionSheet.xcodeproj; path = "../node_modules/react-native/Libraries/ActionSheetIOS/RCTActionSheet.xcodeproj"; sourceTree = "<group>"; };
		00C302B51ABCB90400DB3ED1 /* RCTGeolocation.xcodeproj */ = {isa = PBXFileReference; lastKnownFileType = "wrapper.pb-project"; name = RCTGeolocation.xcodeproj; path = "../node_modules/react-native/Libraries/Geolocation/RCTGeolocation.xcodeproj"; sourceTree = "<group>"; };
		00C302BB1ABCB91800DB3ED1 /* RCTImage.xcodeproj */ = {isa = PBXFileReference; lastKnownFileType = "wrapper.pb-project"; name = RCTImage.xcodeproj; path = "../node_modules/react-native/Libraries/Image/RCTImage.xcodeproj"; sourceTree = "<group>"; };
		00C302D31ABCB9D200DB3ED1 /* RCTNetwork.xcodeproj */ = {isa = PBXFileReference; lastKnownFileType = "wrapper.pb-project"; name = RCTNetwork.xcodeproj; path = "../node_modules/react-native/Libraries/Network/RCTNetwork.xcodeproj"; sourceTree = "<group>"; };
		00C302DF1ABCB9EE00DB3ED1 /* RCTVibration.xcodeproj */ = {isa = PBXFileReference; lastKnownFileType = "wrapper.pb-project"; name = RCTVibration.xcodeproj; path = "../node_modules/react-native/Libraries/Vibration/RCTVibration.xcodeproj"; sourceTree = "<group>"; };
		00E356EE1AD99517003FC87E /* ArtsBuzzReactTests.xctest */ = {isa = PBXFileReference; explicitFileType = wrapper.cfbundle; includeInIndex = 0; path = ArtsBuzzReactTests.xctest; sourceTree = BUILT_PRODUCTS_DIR; };
		139105B61AF99BAD00B5F7CC /* RCTSettings.xcodeproj */ = {isa = PBXFileReference; lastKnownFileType = "wrapper.pb-project"; name = RCTSettings.xcodeproj; path = "../node_modules/react-native/Libraries/Settings/RCTSettings.xcodeproj"; sourceTree = "<group>"; };
		139FDEE61B06529A00C62182 /* RCTWebSocket.xcodeproj */ = {isa = PBXFileReference; lastKnownFileType = "wrapper.pb-project"; name = RCTWebSocket.xcodeproj; path = "../node_modules/react-native/Libraries/WebSocket/RCTWebSocket.xcodeproj"; sourceTree = "<group>"; };
		13B07F961A680F5B00A75B9A /* Arts.Buzz.app */ = {isa = PBXFileReference; explicitFileType = wrapper.application; includeInIndex = 0; path = Arts.Buzz.app; sourceTree = BUILT_PRODUCTS_DIR; };
		13B07FAF1A68108700A75B9A /* AppDelegate.h */ = {isa = PBXFileReference; fileEncoding = 4; lastKnownFileType = sourcecode.c.h; name = AppDelegate.h; path = ArtsBuzzReact/AppDelegate.h; sourceTree = "<group>"; };
		13B07FB01A68108700A75B9A /* AppDelegate.m */ = {isa = PBXFileReference; fileEncoding = 4; lastKnownFileType = sourcecode.c.objc; name = AppDelegate.m; path = ArtsBuzzReact/AppDelegate.m; sourceTree = "<group>"; };
		13B07FB21A68108700A75B9A /* Base */ = {isa = PBXFileReference; lastKnownFileType = file.xib; name = Base; path = Base.lproj/LaunchScreen.xib; sourceTree = "<group>"; };
		13B07FB51A68108700A75B9A /* Images.xcassets */ = {isa = PBXFileReference; lastKnownFileType = folder.assetcatalog; name = Images.xcassets; path = ArtsBuzzReact/Images.xcassets; sourceTree = "<group>"; };
		13B07FB61A68108700A75B9A /* Info.plist */ = {isa = PBXFileReference; fileEncoding = 4; lastKnownFileType = text.plist.xml; name = Info.plist; path = ArtsBuzzReact/Info.plist; sourceTree = "<group>"; };
		13B07FB71A68108700A75B9A /* main.m */ = {isa = PBXFileReference; fileEncoding = 4; lastKnownFileType = sourcecode.c.objc; name = main.m; path = ArtsBuzzReact/main.m; sourceTree = "<group>"; };
		146833FF1AC3E56700842450 /* React.xcodeproj */ = {isa = PBXFileReference; lastKnownFileType = "wrapper.pb-project"; name = React.xcodeproj; path = "../node_modules/react-native/React/React.xcodeproj"; sourceTree = "<group>"; };
		441BFD691DDDB3E400D27B6C /* MyCustomView.h */ = {isa = PBXFileReference; fileEncoding = 4; lastKnownFileType = sourcecode.c.h; path = MyCustomView.h; sourceTree = "<group>"; };
		441BFD6A1DDDB3E400D27B6C /* MyCustomView.m */ = {isa = PBXFileReference; fileEncoding = 4; lastKnownFileType = sourcecode.c.objc; path = MyCustomView.m; sourceTree = "<group>"; };
		443989181CD9A71B00EA9718 /* RNDeviceInfo.xcodeproj */ = {isa = PBXFileReference; lastKnownFileType = "wrapper.pb-project"; name = RNDeviceInfo.xcodeproj; path = "../node_modules/react-native-device-info/RNDeviceInfo.xcodeproj"; sourceTree = "<group>"; };
		446344C41CEABE5C00747D3A /* MyCustomViewManager.h */ = {isa = PBXFileReference; fileEncoding = 4; lastKnownFileType = sourcecode.c.h; path = MyCustomViewManager.h; sourceTree = "<group>"; };
		446344C51CEABE5C00747D3A /* MyCustomViewManager.m */ = {isa = PBXFileReference; fileEncoding = 4; lastKnownFileType = sourcecode.c.objc; path = MyCustomViewManager.m; sourceTree = "<group>"; };
		446344EA1CEB129400747D3A /* RNBluetoothState.xcodeproj */ = {isa = PBXFileReference; lastKnownFileType = "wrapper.pb-project"; name = RNBluetoothState.xcodeproj; path = "../node_modules/react-native-bluetooth-state/RNBluetoothState.xcodeproj"; sourceTree = "<group>"; };
		4471CA541CDC5E3900609BD4 /* RNFileDownload.xcodeproj */ = {isa = PBXFileReference; lastKnownFileType = "wrapper.pb-project"; name = RNFileDownload.xcodeproj; path = "../node_modules/react-native-file-download/RNFileDownload.xcodeproj"; sourceTree = "<group>"; };
		4471CA6A1CDC616400609BD4 /* RNFS.xcodeproj */ = {isa = PBXFileReference; lastKnownFileType = "wrapper.pb-project"; name = RNFS.xcodeproj; path = "../node_modules/react-native-fs/RNFS.xcodeproj"; sourceTree = "<group>"; };
		447248891CF471E60096F215 /* RCTPushNotification.xcodeproj */ = {isa = PBXFileReference; lastKnownFileType = "wrapper.pb-project"; name = RCTPushNotification.xcodeproj; path = "../node_modules/react-native/Libraries/PushNotificationIOS/RCTPushNotification.xcodeproj"; sourceTree = "<group>"; };
		447BA0F11CEC7BE300C9C3BD /* RNOverlay.xcodeproj */ = {isa = PBXFileReference; lastKnownFileType = "wrapper.pb-project"; name = RNOverlay.xcodeproj; path = "../node_modules/react-native-overlay/RNOverlay.xcodeproj"; sourceTree = "<group>"; };
		449D12C91CE43BAA0074B267 /* RNSound.xcodeproj */ = {isa = PBXFileReference; lastKnownFileType = "wrapper.pb-project"; name = RNSound.xcodeproj; path = "../node_modules/react-native-sound/RNSound.xcodeproj"; sourceTree = "<group>"; };
		449E3A0D1DBF2C0A003D2EF8 /* RNZipArchive.xcodeproj */ = {isa = PBXFileReference; lastKnownFileType = "wrapper.pb-project"; name = RNZipArchive.xcodeproj; path = "../node_modules/react-native-zip-archive/RNZipArchive.xcodeproj"; sourceTree = "<group>"; };
		44C9E8FB1CFFE19800FD4E0C /* RCTWeChat.xcodeproj */ = {isa = PBXFileReference; lastKnownFileType = "wrapper.pb-project"; name = RCTWeChat.xcodeproj; path = "../node_modules/react-native-wx/ios/RCTWeChat.xcodeproj"; sourceTree = "<group>"; };
		44C9E9161CFFE1C000FD4E0C /* RCTFBSDKShare.xcodeproj */ = {isa = PBXFileReference; lastKnownFileType = "wrapper.pb-project"; name = RCTFBSDKShare.xcodeproj; path = "../node_modules/react-native-fbsdkshare/RCTFBSDKShare.xcodeproj"; sourceTree = "<group>"; };
		44C9E91C1CFFE1CA00FD4E0C /* RCTFBSDKCore.xcodeproj */ = {isa = PBXFileReference; lastKnownFileType = "wrapper.pb-project"; name = RCTFBSDKCore.xcodeproj; path = "../node_modules/react-native-fbsdkcore/RCTFBSDKCore.xcodeproj"; sourceTree = "<group>"; };
		44C9E9221CFFE1D000FD4E0C /* RCTFBSDKLogin.xcodeproj */ = {isa = PBXFileReference; lastKnownFileType = "wrapper.pb-project"; name = RCTFBSDKLogin.xcodeproj; path = "../node_modules/react-native-fbsdklogin/RCTFBSDKLogin.xcodeproj"; sourceTree = "<group>"; };
		44C9E94D1CFFFF7200FD4E0C /* FBSDKCoreKit.framework */ = {isa = PBXFileReference; lastKnownFileType = wrapper.framework; name = FBSDKCoreKit.framework; path = ../../../Documents/FacebookSDK/FBSDKCoreKit.framework; sourceTree = "<group>"; };
		44C9E94F1CFFFF7900FD4E0C /* FBSDKLoginKit.framework */ = {isa = PBXFileReference; lastKnownFileType = wrapper.framework; name = FBSDKLoginKit.framework; path = ../../../Documents/FacebookSDK/FBSDKLoginKit.framework; sourceTree = "<group>"; };
		44C9E9511CFFFF7D00FD4E0C /* FBSDKShareKit.framework */ = {isa = PBXFileReference; lastKnownFileType = wrapper.framework; name = FBSDKShareKit.framework; path = ../../../Documents/FacebookSDK/FBSDKShareKit.framework; sourceTree = "<group>"; };
		44C9E9691D0003E000FD4E0C /* libsqlite3.tbd */ = {isa = PBXFileReference; lastKnownFileType = "sourcecode.text-based-dylib-definition"; name = libsqlite3.tbd; path = usr/lib/libsqlite3.tbd; sourceTree = SDKROOT; };
		44C9E96B1D00040A00FD4E0C /* CoreTelephony.framework */ = {isa = PBXFileReference; lastKnownFileType = wrapper.framework; name = CoreTelephony.framework; path = System/Library/Frameworks/CoreTelephony.framework; sourceTree = SDKROOT; };
		44C9E97F1D0004B300FD4E0C /* SystemConfiguration.framework */ = {isa = PBXFileReference; lastKnownFileType = wrapper.framework; name = SystemConfiguration.framework; path = System/Library/Frameworks/SystemConfiguration.framework; sourceTree = SDKROOT; };
		44C9E9811D00267600FD4E0C /* AppLogin.h */ = {isa = PBXFileReference; fileEncoding = 4; lastKnownFileType = sourcecode.c.h; path = AppLogin.h; sourceTree = "<group>"; };
		44C9E9821D00267600FD4E0C /* AppLogin.m */ = {isa = PBXFileReference; fileEncoding = 4; lastKnownFileType = sourcecode.c.objc; path = AppLogin.m; sourceTree = "<group>"; };
		44E634C41CF3171700CCD27C /* RCTSplashScreen.xcodeproj */ = {isa = PBXFileReference; lastKnownFileType = "wrapper.pb-project"; name = RCTSplashScreen.xcodeproj; path = "../node_modules/@remobile/react-native-splashscreen/ios/RCTSplashScreen.xcodeproj"; sourceTree = "<group>"; };
		50D6B50636354B57A6EE4D30 /* libz.tbd */ = {isa = PBXFileReference; explicitFileType = undefined; fileEncoding = 0; includeInIndex = 0; lastKnownFileType = "sourcecode.text-based-dylib-definition"; name = libz.tbd; path = usr/lib/libz.tbd; sourceTree = SDKROOT; };
		6BAA5B761D2126B3003E5BEF /* Default-568.png */ = {isa = PBXFileReference; lastKnownFileType = image.png; path = "Default-568.png"; sourceTree = "<group>"; };
		6BAB4CED1D1BE4F200A9E45E /* myBundle.bundle */ = {isa = PBXFileReference; lastKnownFileType = "wrapper.plug-in"; path = myBundle.bundle; sourceTree = "<group>"; };
		6FBE4E48677242648E31CC6C /* libc++.tbd */ = {isa = PBXFileReference; explicitFileType = undefined; fileEncoding = 0; includeInIndex = 0; lastKnownFileType = "sourcecode.text-based-dylib-definition"; name = "libc++.tbd"; path = "usr/lib/libc++.tbd"; sourceTree = SDKROOT; };
		75191B134A4E43B6B92E9334 /* Ionicons.ttf */ = {isa = PBXFileReference; explicitFileType = undefined; fileEncoding = 0; includeInIndex = 0; lastKnownFileType = unknown; name = Ionicons.ttf; path = "../node_modules/react-native-vector-icons/Fonts/Ionicons.ttf"; sourceTree = "<group>"; };
		768D257898E242FD9D949652 /* Zocial.ttf */ = {isa = PBXFileReference; explicitFileType = undefined; fileEncoding = 0; includeInIndex = 0; lastKnownFileType = unknown; name = Zocial.ttf; path = "../node_modules/react-native-vector-icons/Fonts/Zocial.ttf"; sourceTree = "<group>"; };
		78C398B01ACF4ADC00677621 /* RCTLinking.xcodeproj */ = {isa = PBXFileReference; lastKnownFileType = "wrapper.pb-project"; name = RCTLinking.xcodeproj; path = "../node_modules/react-native/Libraries/LinkingIOS/RCTLinking.xcodeproj"; sourceTree = "<group>"; };
		7AE59753B067479DBCC967EA /* RealmReact.xcodeproj */ = {isa = PBXFileReference; explicitFileType = undefined; fileEncoding = 0; includeInIndex = 0; lastKnownFileType = "wrapper.pb-project"; name = RealmReact.xcodeproj; path = "../node_modules/realm/react-native/ios/RealmReact.xcodeproj"; sourceTree = "<group>"; };
		832341B01AAA6A8300B99B32 /* RCTText.xcodeproj */ = {isa = PBXFileReference; lastKnownFileType = "wrapper.pb-project"; name = RCTText.xcodeproj; path = "../node_modules/react-native/Libraries/Text/RCTText.xcodeproj"; sourceTree = "<group>"; };
		9257B9B0686D40A893C05FD7 /* MaterialIcons.ttf */ = {isa = PBXFileReference; explicitFileType = undefined; fileEncoding = 0; includeInIndex = 0; lastKnownFileType = unknown; name = MaterialIcons.ttf; path = "../node_modules/react-native-vector-icons/Fonts/MaterialIcons.ttf"; sourceTree = "<group>"; };
		92BA1A782EA748D3A2A4D53D /* libRNVectorIcons.a */ = {isa = PBXFileReference; explicitFileType = undefined; fileEncoding = 0; includeInIndex = 0; lastKnownFileType = archive.ar; path = libRNVectorIcons.a; sourceTree = "<group>"; };
		97C8CB9AB23940C6BFEB2333 /* libRealmReact.a */ = {isa = PBXFileReference; explicitFileType = undefined; fileEncoding = 0; includeInIndex = 0; lastKnownFileType = archive.ar; path = libRealmReact.a; sourceTree = "<group>"; };
		A2003691CEA64E27A93859C1 /* RNVectorIcons.xcodeproj */ = {isa = PBXFileReference; explicitFileType = undefined; fileEncoding = 0; includeInIndex = 0; lastKnownFileType = "wrapper.pb-project"; name = RNVectorIcons.xcodeproj; path = "../node_modules/react-native-vector-icons/RNVectorIcons.xcodeproj"; sourceTree = "<group>"; };
		AAA3102E30DF443298421B55 /* Octicons.ttf */ = {isa = PBXFileReference; explicitFileType = undefined; fileEncoding = 0; includeInIndex = 0; lastKnownFileType = unknown; name = Octicons.ttf; path = "../node_modules/react-native-vector-icons/Fonts/Octicons.ttf"; sourceTree = "<group>"; };
		C585108440B04B04AFC1CC41 /* Entypo.ttf */ = {isa = PBXFileReference; explicitFileType = undefined; fileEncoding = 0; includeInIndex = 0; lastKnownFileType = unknown; name = Entypo.ttf; path = "../node_modules/react-native-vector-icons/Fonts/Entypo.ttf"; sourceTree = "<group>"; };
		CE3AFB11EF5646689FB814FB /* RNBeacon.xcodeproj */ = {isa = PBXFileReference; explicitFileType = undefined; fileEncoding = 0; includeInIndex = 0; lastKnownFileType = "wrapper.pb-project"; name = RNBeacon.xcodeproj; path = "../node_modules/react-native-ibeacon/RNBeacon.xcodeproj"; sourceTree = "<group>"; };
		D39793248DB1454B8209C8AD /* Foundation.ttf */ = {isa = PBXFileReference; explicitFileType = undefined; fileEncoding = 0; includeInIndex = 0; lastKnownFileType = unknown; name = Foundation.ttf; path = "../node_modules/react-native-vector-icons/Fonts/Foundation.ttf"; sourceTree = "<group>"; };
		E0A2477A54CC4A07BA81BA9A /* FontAwesome.ttf */ = {isa = PBXFileReference; explicitFileType = undefined; fileEncoding = 0; includeInIndex = 0; lastKnownFileType = unknown; name = FontAwesome.ttf; path = "../node_modules/react-native-vector-icons/Fonts/FontAwesome.ttf"; sourceTree = "<group>"; };
		EBAA3ACDDD624D59AF7D644A /* EvilIcons.ttf */ = {isa = PBXFileReference; explicitFileType = undefined; fileEncoding = 0; includeInIndex = 0; lastKnownFileType = unknown; name = EvilIcons.ttf; path = "../node_modules/react-native-vector-icons/Fonts/EvilIcons.ttf"; sourceTree = "<group>"; };
		F610ACC53A414729A10E8E62 /* libRNBeacon.a */ = {isa = PBXFileReference; explicitFileType = undefined; fileEncoding = 0; includeInIndex = 0; lastKnownFileType = archive.ar; path = libRNBeacon.a; sourceTree = "<group>"; };
/* End PBXFileReference section */

/* Begin PBXFrameworksBuildPhase section */
		00E356EB1AD99517003FC87E /* Frameworks */ = {
			isa = PBXFrameworksBuildPhase;
			buildActionMask = 2147483647;
			files = (
			);
			runOnlyForDeploymentPostprocessing = 0;
		};
		13B07F8C1A680F5B00A75B9A /* Frameworks */ = {
			isa = PBXFrameworksBuildPhase;
			buildActionMask = 2147483647;
			files = (
				449E3A2C1DBF2C45003D2EF8 /* libRNZipArchive.a in Frameworks */,
				44C9E9651D0003C500FD4E0C /* libRCTFBSDKCore.a in Frameworks */,
				44C9E9661D0003C500FD4E0C /* libRCTFBSDKLogin.a in Frameworks */,
				44C9E9671D0003C500FD4E0C /* libRCTFBSDKShare.a in Frameworks */,
				44C9E9681D0003C500FD4E0C /* libRCTWeChat.a in Frameworks */,
				44C9E9801D0004B300FD4E0C /* SystemConfiguration.framework in Frameworks */,
				44C9E96C1D00040A00FD4E0C /* CoreTelephony.framework in Frameworks */,
				44C9E9501CFFFF7900FD4E0C /* FBSDKLoginKit.framework in Frameworks */,
				44C9E94E1CFFFF7200FD4E0C /* FBSDKCoreKit.framework in Frameworks */,
				44C9E9521CFFFF7D00FD4E0C /* FBSDKShareKit.framework in Frameworks */,
				447248A31CF473220096F215 /* libRCTPushNotification.a in Frameworks */,
				44E634CA1CF3174E00CCD27C /* libRCTSplashScreen.a in Frameworks */,
				447BA1091CEC7C2D00C9C3BD /* libRNOverlay.a in Frameworks */,
				446345011CEB12BA00747D3A /* libRNBluetoothState.a in Frameworks */,
				449D12DD1CE43CE50074B267 /* libRNSound.a in Frameworks */,
				4471CA691CDC612E00609BD4 /* libRNFileDownload.a in Frameworks */,
				4471CA701CDC616E00609BD4 /* libRNFS.a in Frameworks */,
				443989291CD9A74700EA9718 /* libRNDeviceInfo.a in Frameworks */,
				146834051AC3E58100842450 /* libReact.a in Frameworks */,
				00C302E51ABCBA2D00DB3ED1 /* libRCTActionSheet.a in Frameworks */,
				00C302E71ABCBA2D00DB3ED1 /* libRCTGeolocation.a in Frameworks */,
				00C302E81ABCBA2D00DB3ED1 /* libRCTImage.a in Frameworks */,
				133E29F31AD74F7200F7D852 /* libRCTLinking.a in Frameworks */,
				00C302E91ABCBA2D00DB3ED1 /* libRCTNetwork.a in Frameworks */,
				139105C61AF99C1200B5F7CC /* libRCTSettings.a in Frameworks */,
				832341BD1AAA6AB300B99B32 /* libRCTText.a in Frameworks */,
				00C302EA1ABCBA2D00DB3ED1 /* libRCTVibration.a in Frameworks */,
				139FDEF61B0652A700C62182 /* libRCTWebSocket.a in Frameworks */,
				44C9E96A1D0003E000FD4E0C /* libsqlite3.tbd in Frameworks */,
				A85FCDCF024B4FDAAF1CEC53 /* libc++.tbd in Frameworks */,
				51055C8FE18348E0B13F4410 /* libz.tbd in Frameworks */,
				6A437393B539405DAC1F8024 /* libRealmReact.a in Frameworks */,
				E8CB32A748A1499B91D3742C /* libRNBeacon.a in Frameworks */,
				FC997B1E2C6340B892CBABAB /* libRNVectorIcons.a in Frameworks */,
			);
			runOnlyForDeploymentPostprocessing = 0;
		};
/* End PBXFrameworksBuildPhase section */

/* Begin PBXGroup section */
		00C302A81ABCB8CE00DB3ED1 /* Products */ = {
			isa = PBXGroup;
			children = (
				00C302AC1ABCB8CE00DB3ED1 /* libRCTActionSheet.a */,
			);
			name = Products;
			sourceTree = "<group>";
		};
		00C302B61ABCB90400DB3ED1 /* Products */ = {
			isa = PBXGroup;
			children = (
				00C302BA1ABCB90400DB3ED1 /* libRCTGeolocation.a */,
			);
			name = Products;
			sourceTree = "<group>";
		};
		00C302BC1ABCB91800DB3ED1 /* Products */ = {
			isa = PBXGroup;
			children = (
				00C302C01ABCB91800DB3ED1 /* libRCTImage.a */,
			);
			name = Products;
			sourceTree = "<group>";
		};
		00C302D41ABCB9D200DB3ED1 /* Products */ = {
			isa = PBXGroup;
			children = (
				00C302DC1ABCB9D200DB3ED1 /* libRCTNetwork.a */,
			);
			name = Products;
			sourceTree = "<group>";
		};
		00C302E01ABCB9EE00DB3ED1 /* Products */ = {
			isa = PBXGroup;
			children = (
				00C302E41ABCB9EE00DB3ED1 /* libRCTVibration.a */,
			);
			name = Products;
			sourceTree = "<group>";
		};
		0E58EF832DA34460967447F6 /* Resources */ = {
			isa = PBXGroup;
			children = (
				C585108440B04B04AFC1CC41 /* Entypo.ttf */,
				EBAA3ACDDD624D59AF7D644A /* EvilIcons.ttf */,
				E0A2477A54CC4A07BA81BA9A /* FontAwesome.ttf */,
				D39793248DB1454B8209C8AD /* Foundation.ttf */,
				75191B134A4E43B6B92E9334 /* Ionicons.ttf */,
				9257B9B0686D40A893C05FD7 /* MaterialIcons.ttf */,
				AAA3102E30DF443298421B55 /* Octicons.ttf */,
				768D257898E242FD9D949652 /* Zocial.ttf */,
			);
			name = Resources;
			sourceTree = "<group>";
		};
		13820BF7CA7948F5A76A0C5E /* Frameworks */ = {
			isa = PBXGroup;
			children = (
				44C9E97F1D0004B300FD4E0C /* SystemConfiguration.framework */,
				44C9E96B1D00040A00FD4E0C /* CoreTelephony.framework */,
				44C9E9511CFFFF7D00FD4E0C /* FBSDKShareKit.framework */,
				44C9E94F1CFFFF7900FD4E0C /* FBSDKLoginKit.framework */,
				44C9E94D1CFFFF7200FD4E0C /* FBSDKCoreKit.framework */,
				44C9E9691D0003E000FD4E0C /* libsqlite3.tbd */,
				6FBE4E48677242648E31CC6C /* libc++.tbd */,
				50D6B50636354B57A6EE4D30 /* libz.tbd */,
			);
			name = Frameworks;
			sourceTree = "<group>";
		};
		139105B71AF99BAD00B5F7CC /* Products */ = {
			isa = PBXGroup;
			children = (
				139105C11AF99BAD00B5F7CC /* libRCTSettings.a */,
			);
			name = Products;
			sourceTree = "<group>";
		};
		139FDEE71B06529A00C62182 /* Products */ = {
			isa = PBXGroup;
			children = (
				139FDEF41B06529B00C62182 /* libRCTWebSocket.a */,
			);
			name = Products;
			sourceTree = "<group>";
		};
		13B07FAE1A68108700A75B9A /* ArtsBuzzReact */ = {
			isa = PBXGroup;
			children = (
				6BAA5B761D2126B3003E5BEF /* Default-568.png */,
				44C9E9811D00267600FD4E0C /* AppLogin.h */,
				44C9E9821D00267600FD4E0C /* AppLogin.m */,
				008F07F21AC5B25A0029DE68 /* main.jsbundle */,
				13B07FAF1A68108700A75B9A /* AppDelegate.h */,
				13B07FB01A68108700A75B9A /* AppDelegate.m */,
				13B07FB51A68108700A75B9A /* Images.xcassets */,
				13B07FB61A68108700A75B9A /* Info.plist */,
				13B07FB11A68108700A75B9A /* LaunchScreen.xib */,
				13B07FB71A68108700A75B9A /* main.m */,
				446344C41CEABE5C00747D3A /* MyCustomViewManager.h */,
				446344C51CEABE5C00747D3A /* MyCustomViewManager.m */,
				441BFD691DDDB3E400D27B6C /* MyCustomView.h */,
				441BFD6A1DDDB3E400D27B6C /* MyCustomView.m */,
				6BAB4CED1D1BE4F200A9E45E /* myBundle.bundle */,
			);
			name = ArtsBuzzReact;
			sourceTree = "<group>";
		};
		146834001AC3E56700842450 /* Products */ = {
			isa = PBXGroup;
			children = (
				146834041AC3E56700842450 /* libReact.a */,
			);
			name = Products;
			sourceTree = "<group>";
		};
		4424F8261CE451580030435C /* Products */ = {
			isa = PBXGroup;
			children = (
				4424F8351CE451580030435C /* libRNBeacon.a */,
			);
			name = Products;
			sourceTree = "<group>";
		};
		4424F83A1CE451590030435C /* Products */ = {
			isa = PBXGroup;
			children = (
				4424F83E1CE451590030435C /* libRNVectorIcons.a */,
			);
			name = Products;
			sourceTree = "<group>";
		};
		443989191CD9A71B00EA9718 /* Products */ = {
			isa = PBXGroup;
			children = (
				443989281CD9A71B00EA9718 /* libRNDeviceInfo.a */,
			);
			name = Products;
			sourceTree = "<group>";
		};
		446344EB1CEB129400747D3A /* Products */ = {
			isa = PBXGroup;
			children = (
				446344FB1CEB129400747D3A /* libRNBluetoothState.a */,
			);
			name = Products;
			sourceTree = "<group>";
		};
		4471CA551CDC5E3900609BD4 /* Products */ = {
			isa = PBXGroup;
			children = (
				4471CA651CDC5E3900609BD4 /* libRNFileDownload.a */,
			);
			name = Products;
			sourceTree = "<group>";
		};
		4471CA6B1CDC616400609BD4 /* Products */ = {
			isa = PBXGroup;
			children = (
				4471CA6F1CDC616400609BD4 /* libRNFS.a */,
			);
			name = Products;
			sourceTree = "<group>";
		};
		4472488A1CF471E60096F215 /* Products */ = {
			isa = PBXGroup;
			children = (
				447248931CF471E60096F215 /* libRCTPushNotification.a */,
			);
			name = Products;
			sourceTree = "<group>";
		};
		447BA0F21CEC7BE300C9C3BD /* Products */ = {
			isa = PBXGroup;
			children = (
				447BA1061CEC7BE300C9C3BD /* libRNOverlay.a */,
			);
			name = Products;
			sourceTree = "<group>";
		};
		449D12CA1CE43BAA0074B267 /* Products */ = {
			isa = PBXGroup;
			children = (
				449D12DC1CE43BAA0074B267 /* libRNSound.a */,
			);
			name = Products;
			sourceTree = "<group>";
		};
		449E3A0E1DBF2C0A003D2EF8 /* Products */ = {
			isa = PBXGroup;
			children = (
				449E3A2B1DBF2C0A003D2EF8 /* libRNZipArchive.a */,
			);
			name = Products;
			sourceTree = "<group>";
		};
		44AEFD641CD07DCC00B5592B /* Products */ = {
			isa = PBXGroup;
			children = (
				44AEFD721CD07DCC00B5592B /* libRealmReact.a */,
			);
			name = Products;
			sourceTree = "<group>";
		};
		44C9E8FC1CFFE19800FD4E0C /* Products */ = {
			isa = PBXGroup;
			children = (
				44C9E90B1CFFE19800FD4E0C /* libRCTWeChat.a */,
			);
			name = Products;
			sourceTree = "<group>";
		};
		44C9E9171CFFE1C000FD4E0C /* Products */ = {
			isa = PBXGroup;
			children = (
				44C9E91B1CFFE1C100FD4E0C /* libRCTFBSDKShare.a */,
			);
			name = Products;
			sourceTree = "<group>";
		};
		44C9E91D1CFFE1CA00FD4E0C /* Products */ = {
			isa = PBXGroup;
			children = (
				44C9E9211CFFE1CA00FD4E0C /* libRCTFBSDKCore.a */,
			);
			name = Products;
			sourceTree = "<group>";
		};
		44C9E9231CFFE1D000FD4E0C /* Products */ = {
			isa = PBXGroup;
			children = (
				44C9E9271CFFE1D000FD4E0C /* libRCTFBSDKLogin.a */,
			);
			name = Products;
			sourceTree = "<group>";
		};
		44E634C51CF3171700CCD27C /* Products */ = {
			isa = PBXGroup;
			children = (
				44E634C91CF3171700CCD27C /* libRCTSplashScreen.a */,
			);
			name = Products;
			sourceTree = "<group>";
		};
		78C398B11ACF4ADC00677621 /* Products */ = {
			isa = PBXGroup;
			children = (
				78C398B91ACF4ADC00677621 /* libRCTLinking.a */,
			);
			name = Products;
			sourceTree = "<group>";
		};
		832341AE1AAA6A7D00B99B32 /* Libraries */ = {
			isa = PBXGroup;
			children = (
				449E3A0D1DBF2C0A003D2EF8 /* RNZipArchive.xcodeproj */,
				44C9E9221CFFE1D000FD4E0C /* RCTFBSDKLogin.xcodeproj */,
				44C9E91C1CFFE1CA00FD4E0C /* RCTFBSDKCore.xcodeproj */,
				44C9E9161CFFE1C000FD4E0C /* RCTFBSDKShare.xcodeproj */,
				44C9E8FB1CFFE19800FD4E0C /* RCTWeChat.xcodeproj */,
				447248891CF471E60096F215 /* RCTPushNotification.xcodeproj */,
				44E634C41CF3171700CCD27C /* RCTSplashScreen.xcodeproj */,
				447BA0F11CEC7BE300C9C3BD /* RNOverlay.xcodeproj */,
				446344EA1CEB129400747D3A /* RNBluetoothState.xcodeproj */,
				449D12C91CE43BAA0074B267 /* RNSound.xcodeproj */,
				4471CA6A1CDC616400609BD4 /* RNFS.xcodeproj */,
				4471CA541CDC5E3900609BD4 /* RNFileDownload.xcodeproj */,
				443989181CD9A71B00EA9718 /* RNDeviceInfo.xcodeproj */,
				146833FF1AC3E56700842450 /* React.xcodeproj */,
				00C302A71ABCB8CE00DB3ED1 /* RCTActionSheet.xcodeproj */,
				00C302B51ABCB90400DB3ED1 /* RCTGeolocation.xcodeproj */,
				00C302BB1ABCB91800DB3ED1 /* RCTImage.xcodeproj */,
				78C398B01ACF4ADC00677621 /* RCTLinking.xcodeproj */,
				00C302D31ABCB9D200DB3ED1 /* RCTNetwork.xcodeproj */,
				139105B61AF99BAD00B5F7CC /* RCTSettings.xcodeproj */,
				832341B01AAA6A8300B99B32 /* RCTText.xcodeproj */,
				00C302DF1ABCB9EE00DB3ED1 /* RCTVibration.xcodeproj */,
				139FDEE61B06529A00C62182 /* RCTWebSocket.xcodeproj */,
				7AE59753B067479DBCC967EA /* RealmReact.xcodeproj */,
				CE3AFB11EF5646689FB814FB /* RNBeacon.xcodeproj */,
				A2003691CEA64E27A93859C1 /* RNVectorIcons.xcodeproj */,
			);
			name = Libraries;
			sourceTree = "<group>";
		};
		832341B11AAA6A8300B99B32 /* Products */ = {
			isa = PBXGroup;
			children = (
				832341B51AAA6A8300B99B32 /* libRCTText.a */,
			);
			name = Products;
			sourceTree = "<group>";
		};
		83CBB9F61A601CBA00E9B192 = {
			isa = PBXGroup;
			children = (
				13B07FAE1A68108700A75B9A /* ArtsBuzzReact */,
				832341AE1AAA6A7D00B99B32 /* Libraries */,
				83CBBA001A601CBA00E9B192 /* Products */,
				13820BF7CA7948F5A76A0C5E /* Frameworks */,
				0E58EF832DA34460967447F6 /* Resources */,
			);
			indentWidth = 2;
			sourceTree = "<group>";
			tabWidth = 2;
		};
		83CBBA001A601CBA00E9B192 /* Products */ = {
			isa = PBXGroup;
			children = (
				13B07F961A680F5B00A75B9A /* Arts.Buzz.app */,
				00E356EE1AD99517003FC87E /* ArtsBuzzReactTests.xctest */,
			);
			name = Products;
			sourceTree = "<group>";
		};
/* End PBXGroup section */

/* Begin PBXNativeTarget section */
		00E356ED1AD99517003FC87E /* ArtsBuzzReactTests */ = {
			isa = PBXNativeTarget;
			buildConfigurationList = 00E357021AD99517003FC87E /* Build configuration list for PBXNativeTarget "ArtsBuzzReactTests" */;
			buildPhases = (
				00E356EA1AD99517003FC87E /* Sources */,
				00E356EB1AD99517003FC87E /* Frameworks */,
				00E356EC1AD99517003FC87E /* Resources */,
			);
			buildRules = (
			);
			dependencies = (
				00E356F51AD99517003FC87E /* PBXTargetDependency */,
			);
			name = ArtsBuzzReactTests;
			productName = ArtsBuzzReactTests;
			productReference = 00E356EE1AD99517003FC87E /* ArtsBuzzReactTests.xctest */;
			productType = "com.apple.product-type.bundle.unit-test";
		};
		13B07F861A680F5B00A75B9A /* ArtsBuzzReact */ = {
			isa = PBXNativeTarget;
			buildConfigurationList = 13B07F931A680F5B00A75B9A /* Build configuration list for PBXNativeTarget "ArtsBuzzReact" */;
			buildPhases = (
				13B07F871A680F5B00A75B9A /* Sources */,
				13B07F8C1A680F5B00A75B9A /* Frameworks */,
				13B07F8E1A680F5B00A75B9A /* Resources */,
				00DD1BFF1BD5951E006B06BC /* Bundle React Native code and images */,
			);
			buildRules = (
			);
			dependencies = (
			);
			name = ArtsBuzzReact;
			productName = "Hello World";
			productReference = 13B07F961A680F5B00A75B9A /* Arts.Buzz.app */;
			productType = "com.apple.product-type.application";
		};
/* End PBXNativeTarget section */

/* Begin PBXProject section */
		83CBB9F71A601CBA00E9B192 /* Project object */ = {
			isa = PBXProject;
			attributes = {
				LastUpgradeCheck = 610;
				ORGANIZATIONNAME = Facebook;
				TargetAttributes = {
					00E356ED1AD99517003FC87E = {
						CreatedOnToolsVersion = 6.2;
					};
					13B07F861A680F5B00A75B9A = {
						DevelopmentTeam = L9G4BQEKT3;
					};
				};
			};
			buildConfigurationList = 83CBB9FA1A601CBA00E9B192 /* Build configuration list for PBXProject "ArtsBuzzReact" */;
			compatibilityVersion = "Xcode 3.2";
			developmentRegion = English;
			hasScannedForEncodings = 0;
			knownRegions = (
				en,
				Base,
			);
			mainGroup = 83CBB9F61A601CBA00E9B192;
			productRefGroup = 83CBBA001A601CBA00E9B192 /* Products */;
			projectDirPath = "";
			projectReferences = (
				{
					ProductGroup = 00C302A81ABCB8CE00DB3ED1 /* Products */;
					ProjectRef = 00C302A71ABCB8CE00DB3ED1 /* RCTActionSheet.xcodeproj */;
				},
				{
					ProductGroup = 44C9E91D1CFFE1CA00FD4E0C /* Products */;
					ProjectRef = 44C9E91C1CFFE1CA00FD4E0C /* RCTFBSDKCore.xcodeproj */;
				},
				{
					ProductGroup = 44C9E9231CFFE1D000FD4E0C /* Products */;
					ProjectRef = 44C9E9221CFFE1D000FD4E0C /* RCTFBSDKLogin.xcodeproj */;
				},
				{
					ProductGroup = 44C9E9171CFFE1C000FD4E0C /* Products */;
					ProjectRef = 44C9E9161CFFE1C000FD4E0C /* RCTFBSDKShare.xcodeproj */;
				},
				{
					ProductGroup = 00C302B61ABCB90400DB3ED1 /* Products */;
					ProjectRef = 00C302B51ABCB90400DB3ED1 /* RCTGeolocation.xcodeproj */;
				},
				{
					ProductGroup = 00C302BC1ABCB91800DB3ED1 /* Products */;
					ProjectRef = 00C302BB1ABCB91800DB3ED1 /* RCTImage.xcodeproj */;
				},
				{
					ProductGroup = 78C398B11ACF4ADC00677621 /* Products */;
					ProjectRef = 78C398B01ACF4ADC00677621 /* RCTLinking.xcodeproj */;
				},
				{
					ProductGroup = 00C302D41ABCB9D200DB3ED1 /* Products */;
					ProjectRef = 00C302D31ABCB9D200DB3ED1 /* RCTNetwork.xcodeproj */;
				},
				{
					ProductGroup = 4472488A1CF471E60096F215 /* Products */;
					ProjectRef = 447248891CF471E60096F215 /* RCTPushNotification.xcodeproj */;
				},
				{
					ProductGroup = 139105B71AF99BAD00B5F7CC /* Products */;
					ProjectRef = 139105B61AF99BAD00B5F7CC /* RCTSettings.xcodeproj */;
				},
				{
					ProductGroup = 44E634C51CF3171700CCD27C /* Products */;
					ProjectRef = 44E634C41CF3171700CCD27C /* RCTSplashScreen.xcodeproj */;
				},
				{
					ProductGroup = 832341B11AAA6A8300B99B32 /* Products */;
					ProjectRef = 832341B01AAA6A8300B99B32 /* RCTText.xcodeproj */;
				},
				{
					ProductGroup = 00C302E01ABCB9EE00DB3ED1 /* Products */;
					ProjectRef = 00C302DF1ABCB9EE00DB3ED1 /* RCTVibration.xcodeproj */;
				},
				{
					ProductGroup = 139FDEE71B06529A00C62182 /* Products */;
					ProjectRef = 139FDEE61B06529A00C62182 /* RCTWebSocket.xcodeproj */;
				},
				{
					ProductGroup = 44C9E8FC1CFFE19800FD4E0C /* Products */;
					ProjectRef = 44C9E8FB1CFFE19800FD4E0C /* RCTWeChat.xcodeproj */;
				},
				{
					ProductGroup = 146834001AC3E56700842450 /* Products */;
					ProjectRef = 146833FF1AC3E56700842450 /* React.xcodeproj */;
				},
				{
					ProductGroup = 44AEFD641CD07DCC00B5592B /* Products */;
					ProjectRef = 7AE59753B067479DBCC967EA /* RealmReact.xcodeproj */;
				},
				{
					ProductGroup = 4424F8261CE451580030435C /* Products */;
					ProjectRef = CE3AFB11EF5646689FB814FB /* RNBeacon.xcodeproj */;
				},
				{
					ProductGroup = 446344EB1CEB129400747D3A /* Products */;
					ProjectRef = 446344EA1CEB129400747D3A /* RNBluetoothState.xcodeproj */;
				},
				{
					ProductGroup = 443989191CD9A71B00EA9718 /* Products */;
					ProjectRef = 443989181CD9A71B00EA9718 /* RNDeviceInfo.xcodeproj */;
				},
				{
					ProductGroup = 4471CA551CDC5E3900609BD4 /* Products */;
					ProjectRef = 4471CA541CDC5E3900609BD4 /* RNFileDownload.xcodeproj */;
				},
				{
					ProductGroup = 4471CA6B1CDC616400609BD4 /* Products */;
					ProjectRef = 4471CA6A1CDC616400609BD4 /* RNFS.xcodeproj */;
				},
				{
					ProductGroup = 447BA0F21CEC7BE300C9C3BD /* Products */;
					ProjectRef = 447BA0F11CEC7BE300C9C3BD /* RNOverlay.xcodeproj */;
				},
				{
					ProductGroup = 449D12CA1CE43BAA0074B267 /* Products */;
					ProjectRef = 449D12C91CE43BAA0074B267 /* RNSound.xcodeproj */;
				},
				{
					ProductGroup = 4424F83A1CE451590030435C /* Products */;
					ProjectRef = A2003691CEA64E27A93859C1 /* RNVectorIcons.xcodeproj */;
				},
				{
					ProductGroup = 449E3A0E1DBF2C0A003D2EF8 /* Products */;
					ProjectRef = 449E3A0D1DBF2C0A003D2EF8 /* RNZipArchive.xcodeproj */;
				},
			);
			projectRoot = "";
			targets = (
				13B07F861A680F5B00A75B9A /* ArtsBuzzReact */,
				00E356ED1AD99517003FC87E /* ArtsBuzzReactTests */,
			);
		};
/* End PBXProject section */

/* Begin PBXReferenceProxy section */
		00C302AC1ABCB8CE00DB3ED1 /* libRCTActionSheet.a */ = {
			isa = PBXReferenceProxy;
			fileType = archive.ar;
			path = libRCTActionSheet.a;
			remoteRef = 00C302AB1ABCB8CE00DB3ED1 /* PBXContainerItemProxy */;
			sourceTree = BUILT_PRODUCTS_DIR;
		};
		00C302BA1ABCB90400DB3ED1 /* libRCTGeolocation.a */ = {
			isa = PBXReferenceProxy;
			fileType = archive.ar;
			path = libRCTGeolocation.a;
			remoteRef = 00C302B91ABCB90400DB3ED1 /* PBXContainerItemProxy */;
			sourceTree = BUILT_PRODUCTS_DIR;
		};
		00C302C01ABCB91800DB3ED1 /* libRCTImage.a */ = {
			isa = PBXReferenceProxy;
			fileType = archive.ar;
			path = libRCTImage.a;
			remoteRef = 00C302BF1ABCB91800DB3ED1 /* PBXContainerItemProxy */;
			sourceTree = BUILT_PRODUCTS_DIR;
		};
		00C302DC1ABCB9D200DB3ED1 /* libRCTNetwork.a */ = {
			isa = PBXReferenceProxy;
			fileType = archive.ar;
			path = libRCTNetwork.a;
			remoteRef = 00C302DB1ABCB9D200DB3ED1 /* PBXContainerItemProxy */;
			sourceTree = BUILT_PRODUCTS_DIR;
		};
		00C302E41ABCB9EE00DB3ED1 /* libRCTVibration.a */ = {
			isa = PBXReferenceProxy;
			fileType = archive.ar;
			path = libRCTVibration.a;
			remoteRef = 00C302E31ABCB9EE00DB3ED1 /* PBXContainerItemProxy */;
			sourceTree = BUILT_PRODUCTS_DIR;
		};
		139105C11AF99BAD00B5F7CC /* libRCTSettings.a */ = {
			isa = PBXReferenceProxy;
			fileType = archive.ar;
			path = libRCTSettings.a;
			remoteRef = 139105C01AF99BAD00B5F7CC /* PBXContainerItemProxy */;
			sourceTree = BUILT_PRODUCTS_DIR;
		};
		139FDEF41B06529B00C62182 /* libRCTWebSocket.a */ = {
			isa = PBXReferenceProxy;
			fileType = archive.ar;
			path = libRCTWebSocket.a;
			remoteRef = 139FDEF31B06529B00C62182 /* PBXContainerItemProxy */;
			sourceTree = BUILT_PRODUCTS_DIR;
		};
		146834041AC3E56700842450 /* libReact.a */ = {
			isa = PBXReferenceProxy;
			fileType = archive.ar;
			path = libReact.a;
			remoteRef = 146834031AC3E56700842450 /* PBXContainerItemProxy */;
			sourceTree = BUILT_PRODUCTS_DIR;
		};
		4424F8351CE451580030435C /* libRNBeacon.a */ = {
			isa = PBXReferenceProxy;
			fileType = archive.ar;
			path = libRNBeacon.a;
			remoteRef = 4424F8341CE451580030435C /* PBXContainerItemProxy */;
			sourceTree = BUILT_PRODUCTS_DIR;
		};
		4424F83E1CE451590030435C /* libRNVectorIcons.a */ = {
			isa = PBXReferenceProxy;
			fileType = archive.ar;
			path = libRNVectorIcons.a;
			remoteRef = 4424F83D1CE451590030435C /* PBXContainerItemProxy */;
			sourceTree = BUILT_PRODUCTS_DIR;
		};
		443989281CD9A71B00EA9718 /* libRNDeviceInfo.a */ = {
			isa = PBXReferenceProxy;
			fileType = archive.ar;
			path = libRNDeviceInfo.a;
			remoteRef = 443989271CD9A71B00EA9718 /* PBXContainerItemProxy */;
			sourceTree = BUILT_PRODUCTS_DIR;
		};
		446344FB1CEB129400747D3A /* libRNBluetoothState.a */ = {
			isa = PBXReferenceProxy;
			fileType = archive.ar;
			path = libRNBluetoothState.a;
			remoteRef = 446344FA1CEB129400747D3A /* PBXContainerItemProxy */;
			sourceTree = BUILT_PRODUCTS_DIR;
		};
		4471CA651CDC5E3900609BD4 /* libRNFileDownload.a */ = {
			isa = PBXReferenceProxy;
			fileType = archive.ar;
			path = libRNFileDownload.a;
			remoteRef = 4471CA641CDC5E3900609BD4 /* PBXContainerItemProxy */;
			sourceTree = BUILT_PRODUCTS_DIR;
		};
		4471CA6F1CDC616400609BD4 /* libRNFS.a */ = {
			isa = PBXReferenceProxy;
			fileType = archive.ar;
			path = libRNFS.a;
			remoteRef = 4471CA6E1CDC616400609BD4 /* PBXContainerItemProxy */;
			sourceTree = BUILT_PRODUCTS_DIR;
		};
		447248931CF471E60096F215 /* libRCTPushNotification.a */ = {
			isa = PBXReferenceProxy;
			fileType = archive.ar;
			path = libRCTPushNotification.a;
			remoteRef = 447248921CF471E60096F215 /* PBXContainerItemProxy */;
			sourceTree = BUILT_PRODUCTS_DIR;
		};
		447BA1061CEC7BE300C9C3BD /* libRNOverlay.a */ = {
			isa = PBXReferenceProxy;
			fileType = archive.ar;
			path = libRNOverlay.a;
			remoteRef = 447BA1051CEC7BE300C9C3BD /* PBXContainerItemProxy */;
			sourceTree = BUILT_PRODUCTS_DIR;
		};
		449D12DC1CE43BAA0074B267 /* libRNSound.a */ = {
			isa = PBXReferenceProxy;
			fileType = archive.ar;
			path = libRNSound.a;
			remoteRef = 449D12DB1CE43BAA0074B267 /* PBXContainerItemProxy */;
			sourceTree = BUILT_PRODUCTS_DIR;
		};
		449E3A2B1DBF2C0A003D2EF8 /* libRNZipArchive.a */ = {
			isa = PBXReferenceProxy;
			fileType = archive.ar;
			path = libRNZipArchive.a;
			remoteRef = 449E3A2A1DBF2C0A003D2EF8 /* PBXContainerItemProxy */;
			sourceTree = BUILT_PRODUCTS_DIR;
		};
		44AEFD721CD07DCC00B5592B /* libRealmReact.a */ = {
			isa = PBXReferenceProxy;
			fileType = archive.ar;
			path = libRealmReact.a;
			remoteRef = 44AEFD711CD07DCC00B5592B /* PBXContainerItemProxy */;
			sourceTree = BUILT_PRODUCTS_DIR;
		};
		44C9E90B1CFFE19800FD4E0C /* libRCTWeChat.a */ = {
			isa = PBXReferenceProxy;
			fileType = archive.ar;
			path = libRCTWeChat.a;
			remoteRef = 44C9E90A1CFFE19800FD4E0C /* PBXContainerItemProxy */;
			sourceTree = BUILT_PRODUCTS_DIR;
		};
		44C9E91B1CFFE1C100FD4E0C /* libRCTFBSDKShare.a */ = {
			isa = PBXReferenceProxy;
			fileType = archive.ar;
			path = libRCTFBSDKShare.a;
			remoteRef = 44C9E91A1CFFE1C100FD4E0C /* PBXContainerItemProxy */;
			sourceTree = BUILT_PRODUCTS_DIR;
		};
		44C9E9211CFFE1CA00FD4E0C /* libRCTFBSDKCore.a */ = {
			isa = PBXReferenceProxy;
			fileType = archive.ar;
			path = libRCTFBSDKCore.a;
			remoteRef = 44C9E9201CFFE1CA00FD4E0C /* PBXContainerItemProxy */;
			sourceTree = BUILT_PRODUCTS_DIR;
		};
		44C9E9271CFFE1D000FD4E0C /* libRCTFBSDKLogin.a */ = {
			isa = PBXReferenceProxy;
			fileType = archive.ar;
			path = libRCTFBSDKLogin.a;
			remoteRef = 44C9E9261CFFE1D000FD4E0C /* PBXContainerItemProxy */;
			sourceTree = BUILT_PRODUCTS_DIR;
		};
		44E634C91CF3171700CCD27C /* libRCTSplashScreen.a */ = {
			isa = PBXReferenceProxy;
			fileType = archive.ar;
			path = libRCTSplashScreen.a;
			remoteRef = 44E634C81CF3171700CCD27C /* PBXContainerItemProxy */;
			sourceTree = BUILT_PRODUCTS_DIR;
		};
		78C398B91ACF4ADC00677621 /* libRCTLinking.a */ = {
			isa = PBXReferenceProxy;
			fileType = archive.ar;
			path = libRCTLinking.a;
			remoteRef = 78C398B81ACF4ADC00677621 /* PBXContainerItemProxy */;
			sourceTree = BUILT_PRODUCTS_DIR;
		};
		832341B51AAA6A8300B99B32 /* libRCTText.a */ = {
			isa = PBXReferenceProxy;
			fileType = archive.ar;
			path = libRCTText.a;
			remoteRef = 832341B41AAA6A8300B99B32 /* PBXContainerItemProxy */;
			sourceTree = BUILT_PRODUCTS_DIR;
		};
/* End PBXReferenceProxy section */

/* Begin PBXResourcesBuildPhase section */
		00E356EC1AD99517003FC87E /* Resources */ = {
			isa = PBXResourcesBuildPhase;
			buildActionMask = 2147483647;
			files = (
			);
			runOnlyForDeploymentPostprocessing = 0;
		};
		13B07F8E1A680F5B00A75B9A /* Resources */ = {
			isa = PBXResourcesBuildPhase;
			buildActionMask = 2147483647;
			files = (
				13B07FBF1A68108700A75B9A /* Images.xcassets in Resources */,
				13B07FBD1A68108700A75B9A /* LaunchScreen.xib in Resources */,
				E0A94A578865480EA6A2368A /* Entypo.ttf in Resources */,
				325F7F424AB241D8AF1FBB58 /* EvilIcons.ttf in Resources */,
				56AA07A7A5464523B347C469 /* FontAwesome.ttf in Resources */,
				5DEEC0A0360441ADB0BF0793 /* Foundation.ttf in Resources */,
				02EE4F04ABC640099F94713F /* Ionicons.ttf in Resources */,
				6BAA5B771D2126B3003E5BEF /* Default-568.png in Resources */,
				6BAB4CEE1D1BE4F200A9E45E /* myBundle.bundle in Resources */,
				D4DAAB8A60304D41A3D55603 /* MaterialIcons.ttf in Resources */,
				84D5EF2F2F9C4F93873C571C /* Octicons.ttf in Resources */,
				6135E79B222B453CB5A13A2C /* Zocial.ttf in Resources */,
			);
			runOnlyForDeploymentPostprocessing = 0;
		};
/* End PBXResourcesBuildPhase section */

/* Begin PBXShellScriptBuildPhase section */
		00DD1BFF1BD5951E006B06BC /* Bundle React Native code and images */ = {
			isa = PBXShellScriptBuildPhase;
			buildActionMask = 2147483647;
			files = (
			);
			inputPaths = (
			);
			name = "Bundle React Native code and images";
			outputPaths = (
			);
			runOnlyForDeploymentPostprocessing = 0;
			shellPath = /bin/sh;
			shellScript = "export NODE_BINARY=node\n../node_modules/react-native/packager/react-native-xcode.sh";
		};
/* End PBXShellScriptBuildPhase section */

/* Begin PBXSourcesBuildPhase section */
		00E356EA1AD99517003FC87E /* Sources */ = {
			isa = PBXSourcesBuildPhase;
			buildActionMask = 2147483647;
			files = (
			);
			runOnlyForDeploymentPostprocessing = 0;
		};
		13B07F871A680F5B00A75B9A /* Sources */ = {
			isa = PBXSourcesBuildPhase;
			buildActionMask = 2147483647;
			files = (
				13B07FBC1A68108700A75B9A /* AppDelegate.m in Sources */,
				446344C61CEABE5C00747D3A /* MyCustomViewManager.m in Sources */,
				13B07FC11A68108700A75B9A /* main.m in Sources */,
				441BFD6B1DDDB3E400D27B6C /* MyCustomView.m in Sources */,
				44C9E9831D00267600FD4E0C /* AppLogin.m in Sources */,
			);
			runOnlyForDeploymentPostprocessing = 0;
		};
/* End PBXSourcesBuildPhase section */

/* Begin PBXTargetDependency section */
		00E356F51AD99517003FC87E /* PBXTargetDependency */ = {
			isa = PBXTargetDependency;
			target = 13B07F861A680F5B00A75B9A /* ArtsBuzzReact */;
			targetProxy = 00E356F41AD99517003FC87E /* PBXContainerItemProxy */;
		};
/* End PBXTargetDependency section */

/* Begin PBXVariantGroup section */
		13B07FB11A68108700A75B9A /* LaunchScreen.xib */ = {
			isa = PBXVariantGroup;
			children = (
				13B07FB21A68108700A75B9A /* Base */,
			);
			name = LaunchScreen.xib;
			path = ArtsBuzzReact;
			sourceTree = "<group>";
		};
/* End PBXVariantGroup section */

/* Begin XCBuildConfiguration section */
		00E356F61AD99517003FC87E /* Debug */ = {
			isa = XCBuildConfiguration;
			buildSettings = {
				FRAMEWORK_SEARCH_PATHS = (
					"$(SDKROOT)/Developer/Library/Frameworks",
					"$(inherited)",
				);
				GCC_PREPROCESSOR_DEFINITIONS = (
					"DEBUG=1",
					"$(inherited)",
				);
				INFOPLIST_FILE = ArtsBuzzReactTests/Info.plist;
				IPHONEOS_DEPLOYMENT_TARGET = 8.2;
				LD_RUNPATH_SEARCH_PATHS = "$(inherited) @executable_path/Frameworks @loader_path/Frameworks";
				LIBRARY_SEARCH_PATHS = (
					"$(inherited)",
					"\"$(SRCROOT)/$(TARGET_NAME)\"",
					"\"$(SRCROOT)/$(TARGET_NAME)\"",
					"\"$(SRCROOT)/$(TARGET_NAME)\"",
					"\"$(SRCROOT)/$(TARGET_NAME)\"",
					"\"$(SRCROOT)/$(TARGET_NAME)\"",
					"\"$(SRCROOT)/$(TARGET_NAME)\"",
				);
				PRODUCT_NAME = "$(TARGET_NAME)";
			};
			name = Debug;
		};
		00E356F71AD99517003FC87E /* Release */ = {
			isa = XCBuildConfiguration;
			buildSettings = {
				COPY_PHASE_STRIP = NO;
				FRAMEWORK_SEARCH_PATHS = (
					"$(SDKROOT)/Developer/Library/Frameworks",
					"$(inherited)",
				);
				INFOPLIST_FILE = ArtsBuzzReactTests/Info.plist;
				IPHONEOS_DEPLOYMENT_TARGET = 8.2;
				LD_RUNPATH_SEARCH_PATHS = "$(inherited) @executable_path/Frameworks @loader_path/Frameworks";
				LIBRARY_SEARCH_PATHS = (
					"$(inherited)",
					"\"$(SRCROOT)/$(TARGET_NAME)\"",
					"\"$(SRCROOT)/$(TARGET_NAME)\"",
					"\"$(SRCROOT)/$(TARGET_NAME)\"",
					"\"$(SRCROOT)/$(TARGET_NAME)\"",
					"\"$(SRCROOT)/$(TARGET_NAME)\"",
					"\"$(SRCROOT)/$(TARGET_NAME)\"",
				);
				PRODUCT_NAME = "$(TARGET_NAME)";
			};
			name = Release;
		};
		13B07F941A680F5B00A75B9A /* Debug */ = {
			isa = XCBuildConfiguration;
			buildSettings = {
				ASSETCATALOG_COMPILER_APPICON_NAME = AppIcon;
				CODE_SIGN_IDENTITY = "iPhone Distribution: Buzz Technology Limited M.O. (L9G4BQEKT3)";
				DEAD_CODE_STRIPPING = NO;
				FRAMEWORK_SEARCH_PATHS = "~/Documents/FacebookSDK";
				HEADER_SEARCH_PATHS = (
					"$(inherited)",
					/Applications/Xcode.app/Contents/Developer/Toolchains/XcodeDefault.xctoolchain/usr/include,
					"$(SRCROOT)/../node_modules/react-native/React/**",
					"$(SRCROOT)/../node_modules/realm/src/**",
					"$(SRCROOT)/../node_modules/realm/src/**",
					"$(SRCROOT)/../node_modules/react-native-ibeacon",
					"$(SRCROOT)/../node_modules/realm/src/**",
					"$(SRCROOT)/../node_modules/react-native-ibeacon",
					"$(SRCROOT)/../node_modules/react-native-vector-icons/RNVectorIconsManager",
					"$(SRCROOT)/../node_modules/@remobile/react-native-splashscreen/ios/RCTSplashScreen",
					"$(SRCROOT)/../node_modules/react-native/Libraries/PushNotificationIOS/**",
				);
				INFOPLIST_FILE = ArtsBuzzReact/Info.plist;
				LD_RUNPATH_SEARCH_PATHS = "$(inherited) @executable_path/Frameworks";
				OTHER_LDFLAGS = "-ObjC";
				PRODUCT_BUNDLE_IDENTIFIER = buzz.things.ArtsBuzz;
				PRODUCT_NAME = Arts.Buzz;
				PROVISIONING_PROFILE = "9ee3a805-90d9-4be7-919f-d410bfcd8830";
				TARGETED_DEVICE_FAMILY = "1,2";
			};
			name = Debug;
		};
		13B07F951A680F5B00A75B9A /* Release */ = {
			isa = XCBuildConfiguration;
			buildSettings = {
				ASSETCATALOG_COMPILER_APPICON_NAME = AppIcon;
				CODE_SIGN_IDENTITY = "iPhone Distribution: Buzz Technology Limited M.O. (L9G4BQEKT3)";
				FRAMEWORK_SEARCH_PATHS = "~/Documents/FacebookSDK";
				HEADER_SEARCH_PATHS = (
					"$(inherited)",
					/Applications/Xcode.app/Contents/Developer/Toolchains/XcodeDefault.xctoolchain/usr/include,
					"$(SRCROOT)/../node_modules/react-native/React/**",
					"$(SRCROOT)/../node_modules/realm/src/**",
					"$(SRCROOT)/../node_modules/realm/src/**",
					"$(SRCROOT)/../node_modules/react-native-ibeacon",
					"$(SRCROOT)/../node_modules/realm/src/**",
					"$(SRCROOT)/../node_modules/react-native-ibeacon",
					"$(SRCROOT)/../node_modules/react-native-vector-icons/RNVectorIconsManager",
					"$(SRCROOT)/../node_modules/@remobile/react-native-splashscreen/ios/RCTSplashScreen",
					"$(SRCROOT)/../node_modules/react-native/Libraries/PushNotificationIOS/**",
				);
				INFOPLIST_FILE = ArtsBuzzReact/Info.plist;
				LD_RUNPATH_SEARCH_PATHS = "$(inherited) @executable_path/Frameworks";
				OTHER_LDFLAGS = "-ObjC";
				PRODUCT_BUNDLE_IDENTIFIER = buzz.things.ArtsBuzz;
				PRODUCT_NAME = Arts.Buzz;
				PROVISIONING_PROFILE = "9ee3a805-90d9-4be7-919f-d410bfcd8830";
				TARGETED_DEVICE_FAMILY = "1,2";
			};
			name = Release;
		};
		83CBBA201A601CBA00E9B192 /* Debug */ = {
			isa = XCBuildConfiguration;
			buildSettings = {
				ALWAYS_SEARCH_USER_PATHS = NO;
				CLANG_CXX_LANGUAGE_STANDARD = "gnu++0x";
				CLANG_CXX_LIBRARY = "libc++";
				CLANG_ENABLE_MODULES = YES;
				CLANG_ENABLE_OBJC_ARC = YES;
				CLANG_WARN_BOOL_CONVERSION = YES;
				CLANG_WARN_CONSTANT_CONVERSION = YES;
				CLANG_WARN_DIRECT_OBJC_ISA_USAGE = YES_ERROR;
				CLANG_WARN_EMPTY_BODY = YES;
				CLANG_WARN_ENUM_CONVERSION = YES;
				CLANG_WARN_INT_CONVERSION = YES;
				CLANG_WARN_OBJC_ROOT_CLASS = YES_ERROR;
				CLANG_WARN_UNREACHABLE_CODE = YES;
				CLANG_WARN__DUPLICATE_METHOD_MATCH = YES;
				"CODE_SIGN_IDENTITY[sdk=iphoneos*]" = "iPhone Developer";
				COPY_PHASE_STRIP = NO;
				ENABLE_STRICT_OBJC_MSGSEND = YES;
				GCC_C_LANGUAGE_STANDARD = gnu99;
				GCC_DYNAMIC_NO_PIC = NO;
				GCC_OPTIMIZATION_LEVEL = 0;
				GCC_PREPROCESSOR_DEFINITIONS = (
					"DEBUG=1",
					"$(inherited)",
				);
				GCC_SYMBOLS_PRIVATE_EXTERN = NO;
				GCC_WARN_64_TO_32_BIT_CONVERSION = YES;
				GCC_WARN_ABOUT_RETURN_TYPE = YES_ERROR;
				GCC_WARN_UNDECLARED_SELECTOR = YES;
				GCC_WARN_UNINITIALIZED_AUTOS = YES_AGGRESSIVE;
				GCC_WARN_UNUSED_FUNCTION = YES;
				GCC_WARN_UNUSED_VARIABLE = YES;
				HEADER_SEARCH_PATHS = (
					"$(inherited)",
					/Applications/Xcode.app/Contents/Developer/Toolchains/XcodeDefault.xctoolchain/usr/include,
					"$(SRCROOT)/../node_modules/react-native/React/**",
					"$(SRCROOT)/../node_modules/realm/src/**",
					"$(SRCROOT)/../node_modules/realm/src/**",
					"$(SRCROOT)/../node_modules/react-native-ibeacon",
					"$(SRCROOT)/../node_modules/realm/src/**",
					"$(SRCROOT)/../node_modules/react-native-ibeacon",
					"$(SRCROOT)/../node_modules/react-native-vector-icons/RNVectorIconsManager",
				);
				IPHONEOS_DEPLOYMENT_TARGET = 7.0;
				MTL_ENABLE_DEBUG_INFO = YES;
				ONLY_ACTIVE_ARCH = YES;
				SDKROOT = iphoneos;
			};
			name = Debug;
		};
		83CBBA211A601CBA00E9B192 /* Release */ = {
			isa = XCBuildConfiguration;
			buildSettings = {
				ALWAYS_SEARCH_USER_PATHS = NO;
				CLANG_CXX_LANGUAGE_STANDARD = "gnu++0x";
				CLANG_CXX_LIBRARY = "libc++";
				CLANG_ENABLE_MODULES = YES;
				CLANG_ENABLE_OBJC_ARC = YES;
				CLANG_WARN_BOOL_CONVERSION = YES;
				CLANG_WARN_CONSTANT_CONVERSION = YES;
				CLANG_WARN_DIRECT_OBJC_ISA_USAGE = YES_ERROR;
				CLANG_WARN_EMPTY_BODY = YES;
				CLANG_WARN_ENUM_CONVERSION = YES;
				CLANG_WARN_INT_CONVERSION = YES;
				CLANG_WARN_OBJC_ROOT_CLASS = YES_ERROR;
				CLANG_WARN_UNREACHABLE_CODE = YES;
				CLANG_WARN__DUPLICATE_METHOD_MATCH = YES;
				"CODE_SIGN_IDENTITY[sdk=iphoneos*]" = "iPhone Developer";
				COPY_PHASE_STRIP = YES;
				ENABLE_NS_ASSERTIONS = NO;
				ENABLE_STRICT_OBJC_MSGSEND = YES;
				GCC_C_LANGUAGE_STANDARD = gnu99;
				GCC_WARN_64_TO_32_BIT_CONVERSION = YES;
				GCC_WARN_ABOUT_RETURN_TYPE = YES_ERROR;
				GCC_WARN_UNDECLARED_SELECTOR = YES;
				GCC_WARN_UNINITIALIZED_AUTOS = YES_AGGRESSIVE;
				GCC_WARN_UNUSED_FUNCTION = YES;
				GCC_WARN_UNUSED_VARIABLE = YES;
				HEADER_SEARCH_PATHS = (
					"$(inherited)",
					/Applications/Xcode.app/Contents/Developer/Toolchains/XcodeDefault.xctoolchain/usr/include,
					"$(SRCROOT)/../node_modules/react-native/React/**",
					"$(SRCROOT)/../node_modules/realm/src/**",
					"$(SRCROOT)/../node_modules/realm/src/**",
					"$(SRCROOT)/../node_modules/react-native-ibeacon",
					"$(SRCROOT)/../node_modules/realm/src/**",
					"$(SRCROOT)/../node_modules/react-native-ibeacon",
					"$(SRCROOT)/../node_modules/react-native-vector-icons/RNVectorIconsManager",
				);
				IPHONEOS_DEPLOYMENT_TARGET = 7.0;
				MTL_ENABLE_DEBUG_INFO = NO;
				SDKROOT = iphoneos;
				VALIDATE_PRODUCT = YES;
			};
			name = Release;
		};
/* End XCBuildConfiguration section */

/* Begin XCConfigurationList section */
		00E357021AD99517003FC87E /* Build configuration list for PBXNativeTarget "ArtsBuzzReactTests" */ = {
			isa = XCConfigurationList;
			buildConfigurations = (
				00E356F61AD99517003FC87E /* Debug */,
				00E356F71AD99517003FC87E /* Release */,
			);
			defaultConfigurationIsVisible = 0;
			defaultConfigurationName = Release;
		};
		13B07F931A680F5B00A75B9A /* Build configuration list for PBXNativeTarget "ArtsBuzzReact" */ = {
			isa = XCConfigurationList;
			buildConfigurations = (
				13B07F941A680F5B00A75B9A /* Debug */,
				13B07F951A680F5B00A75B9A /* Release */,
			);
			defaultConfigurationIsVisible = 0;
			defaultConfigurationName = Release;
		};
		83CBB9FA1A601CBA00E9B192 /* Build configuration list for PBXProject "ArtsBuzzReact" */ = {
			isa = XCConfigurationList;
			buildConfigurations = (
				83CBBA201A601CBA00E9B192 /* Debug */,
				83CBBA211A601CBA00E9B192 /* Release */,
			);
			defaultConfigurationIsVisible = 0;
			defaultConfigurationName = Release;
		};
/* End XCConfigurationList section */
	};
	rootObject = 83CBB9F71A601CBA00E9B192 /* Project object */;
}
